
Microsoft Visual Studio Solution File, Format Version 12.00
# Visual Studio 15
VisualStudioVersion = 15.0.27428.2027
MinimumVisualStudioVersion = 10.0.40219.1
Project("{FAE04EC0-301F-11D3-BF4B-00C04F79EFBC}") = "Dime", "Dime\Dime.csproj", "{78775DBB-E7E5-4F19-931F-7BB4554C2DC7}"
EndProject
Project("{FAE04EC0-301F-11D3-BF4B-00C04F79EFBC}") = "DimeDLL", "DimeDLL\DimeDLL.csproj", "{37237571-01B1-40E1-9A2D-31709DB1ED02}"
EndProject
Project("{54435603-DBB4-11D2-8724-00A0C9A8B90C}") = "SetupDime", "SetupDime\SetupDime.vdproj", "{0650B4DB-FD68-4AB9-AA2B-332A0B456D7F}"
EndProject
Global
	GlobalSection(SolutionConfigurationPlatforms) = preSolution
		Debug|Any CPU = Debug|Any CPU
		Release|Any CPU = Release|Any CPU
	EndGlobalSection
	GlobalSection(ProjectConfigurationPlatforms) = postSolution
		{78775DBB-E7E5-4F19-931F-7BB4554C2DC7}.Debug|Any CPU.ActiveCfg = Debug|Any CPU
		{78775DBB-E7E5-4F19-931F-7BB4554C2DC7}.Debug|Any CPU.Build.0 = Debug|Any CPU
		{78775DBB-E7E5-4F19-931F-7BB4554C2DC7}.Release|Any CPU.ActiveCfg = Release|Any CPU
		{78775DBB-E7E5-4F19-931F-7BB4554C2DC7}.Release|Any CPU.Build.0 = Release|Any CPU
		{37237571-01B1-40E1-9A2D-31709DB1ED02}.Debug|Any CPU.ActiveCfg = Debug|Any CPU
		{37237571-01B1-40E1-9A2D-31709DB1ED02}.Debug|Any CPU.Build.0 = Debug|Any CPU
		{37237571-01B1-40E1-9A2D-31709DB1ED02}.Release|Any CPU.ActiveCfg = Release|Any CPU
		{37237571-01B1-40E1-9A2D-31709DB1ED02}.Release|Any CPU.Build.0 = Release|Any CPU
		{0650B4DB-FD68-4AB9-AA2B-332A0B456D7F}.Debug|Any CPU.ActiveCfg = Debug
		{0650B4DB-FD68-4AB9-AA2B-332A0B456D7F}.Release|Any CPU.ActiveCfg = Release
	EndGlobalSection
	GlobalSection(SolutionProperties) = preSolution
		HideSolutionNode = FALSE
	EndGlobalSection
	GlobalSection(ExtensibilityGlobals) = postSolution
		SolutionGuid = {C196C5A7-7653-4424-B93E-9CD81F943A7D}
	EndGlobalSection
EndGlobal
